
Microsoft Visual Studio Solution File, Format Version 12.00
# Visual Studio Version 16
VisualStudioVersion = 16.0.29709.97
MinimumVisualStudioVersion = 10.0.40219.1
Project("{9A19103F-16F7-4668-BE54-9A1E7A4F7556}") = "ToDoBlazor", "ToDoBlazor.csproj", "{2A8A5232-2B0C-483C-8B2B-805EA2788390}"
EndProject
Global
	GlobalSection(SolutionConfigurationPlatforms) = preSolution
		Debug|Any CPU = Debug|Any CPU
		Release|Any CPU = Release|Any CPU
	EndGlobalSection
	GlobalSection(ProjectConfigurationPlatforms) = postSolution
		{2A8A5232-2B0C-483C-8B2B-805EA2788390}.Debug|Any CPU.ActiveCfg = Debug|Any CPU
		{2A8A5232-2B0C-483C-8B2B-805EA2788390}.Debug|Any CPU.Build.0 = Debug|Any CPU
		{2A8A5232-2B0C-483C-8B2B-805EA2788390}.Release|Any CPU.ActiveCfg = Release|Any CPU
		{2A8A5232-2B0C-483C-8B2B-805EA2788390}.Release|Any CPU.Build.0 = Release|Any CPU
	EndGlobalSection
	GlobalSection(SolutionProperties) = preSolution
		HideSolutionNode = FALSE
	EndGlobalSection
	GlobalSection(ExtensibilityGlobals) = postSolution
		SolutionGuid = {22A9B018-BBD9-443D-AB91-0B0BD20FD8F4}
	EndGlobalSection
EndGlobal
